// !$*UTF8*$!
{
	archiveVersion = 1;
	classes = {
	};
	objectVersion = 50;
	objects = {

/* Begin PBXBuildFile section */
		EFD56E6C25B6DFF6009F1A61 /* AppDelegate.swift in Sources */ = {isa = PBXBuildFile; fileRef = EFD56E6B25B6DFF6009F1A61 /* AppDelegate.swift */; };
		EFD56E6E25B6DFF6009F1A61 /* SceneDelegate.swift in Sources */ = {isa = PBXBuildFile; fileRef = EFD56E6D25B6DFF6009F1A61 /* SceneDelegate.swift */; };
		EFD56E7325B6DFF6009F1A61 /* Main.storyboard in Resources */ = {isa = PBXBuildFile; fileRef = EFD56E7125B6DFF6009F1A61 /* Main.storyboard */; };
		EFD56E7525B6DFF7009F1A61 /* Assets.xcassets in Resources */ = {isa = PBXBuildFile; fileRef = EFD56E7425B6DFF7009F1A61 /* Assets.xcassets */; };
		EFD56E7825B6DFF7009F1A61 /* LaunchScreen.storyboard in Resources */ = {isa = PBXBuildFile; fileRef = EFD56E7625B6DFF7009F1A61 /* LaunchScreen.storyboard */; };
		EFD56E8325B6DFF8009F1A61 /* EventBusTests.swift in Sources */ = {isa = PBXBuildFile; fileRef = EFD56E8225B6DFF8009F1A61 /* EventBusTests.swift */; };
		EFD56E8E25B6DFF8009F1A61 /* EventBusUITests.swift in Sources */ = {isa = PBXBuildFile; fileRef = EFD56E8D25B6DFF8009F1A61 /* EventBusUITests.swift */; };
		EFD56EB125B6ED9D009F1A61 /* EventBus.swift in Sources */ = {isa = PBXBuildFile; fileRef = EFD56EB025B6ED9D009F1A61 /* EventBus.swift */; };
		EFD56EB625B6EDC9009F1A61 /* EventEntry.swift in Sources */ = {isa = PBXBuildFile; fileRef = EFD56EB525B6EDC9009F1A61 /* EventEntry.swift */; };
		EFD56EBB25B6EE64009F1A61 /* VideoPlayer.swift in Sources */ = {isa = PBXBuildFile; fileRef = EFD56EBA25B6EE64009F1A61 /* VideoPlayer.swift */; };
		EFD56ECB25B6FCCF009F1A61 /* Player.swift in Sources */ = {isa = PBXBuildFile; fileRef = EFD56ECA25B6FCCF009F1A61 /* Player.swift */; };
		EFD56ED325B6FCDC009F1A61 /* PlayerEvents.swift in Sources */ = {isa = PBXBuildFile; fileRef = EFD56ED225B6FCDC009F1A61 /* PlayerEvents.swift */; };
		EFD56ED925B6FD04009F1A61 /* Priority.swift in Sources */ = {isa = PBXBuildFile; fileRef = EFD56ED825B6FD04009F1A61 /* Priority.swift */; };
		EFD56EE825B6FD47009F1A61 /* VideoPlayerComposer.swift in Sources */ = {isa = PBXBuildFile; fileRef = EFD56EE725B6FD47009F1A61 /* VideoPlayerComposer.swift */; };
		EFD56EF325B70E11009F1A61 /* EventBusListenerManager.swift in Sources */ = {isa = PBXBuildFile; fileRef = EFD56EF225B70E11009F1A61 /* EventBusListenerManager.swift */; };
		EFD56EF825B70E23009F1A61 /* EventBusPublisher.swift in Sources */ = {isa = PBXBuildFile; fileRef = EFD56EF725B70E23009F1A61 /* EventBusPublisher.swift */; };
/* End PBXBuildFile section */

/* Begin PBXContainerItemProxy section */
		EFD56E7F25B6DFF8009F1A61 /* PBXContainerItemProxy */ = {
			isa = PBXContainerItemProxy;
			containerPortal = EFD56E6025B6DFF6009F1A61 /* Project object */;
			proxyType = 1;
			remoteGlobalIDString = EFD56E6725B6DFF6009F1A61;
			remoteInfo = EventBus;
		};
		EFD56E8A25B6DFF8009F1A61 /* PBXContainerItemProxy */ = {
			isa = PBXContainerItemProxy;
			containerPortal = EFD56E6025B6DFF6009F1A61 /* Project object */;
			proxyType = 1;
			remoteGlobalIDString = EFD56E6725B6DFF6009F1A61;
			remoteInfo = EventBus;
		};
/* End PBXContainerItemProxy section */

/* Begin PBXFileReference section */
		EFD56E6825B6DFF6009F1A61 /* EventBus.app */ = {isa = PBXFileReference; explicitFileType = wrapper.application; includeInIndex = 0; path = EventBus.app; sourceTree = BUILT_PRODUCTS_DIR; };
		EFD56E6B25B6DFF6009F1A61 /* AppDelegate.swift */ = {isa = PBXFileReference; lastKnownFileType = sourcecode.swift; path = AppDelegate.swift; sourceTree = "<group>"; };
		EFD56E6D25B6DFF6009F1A61 /* SceneDelegate.swift */ = {isa = PBXFileReference; lastKnownFileType = sourcecode.swift; path = SceneDelegate.swift; sourceTree = "<group>"; };
		EFD56E7225B6DFF6009F1A61 /* Base */ = {isa = PBXFileReference; lastKnownFileType = file.storyboard; name = Base; path = Base.lproj/Main.storyboard; sourceTree = "<group>"; };
		EFD56E7425B6DFF7009F1A61 /* Assets.xcassets */ = {isa = PBXFileReference; lastKnownFileType = folder.assetcatalog; path = Assets.xcassets; sourceTree = "<group>"; };
		EFD56E7725B6DFF7009F1A61 /* Base */ = {isa = PBXFileReference; lastKnownFileType = file.storyboard; name = Base; path = Base.lproj/LaunchScreen.storyboard; sourceTree = "<group>"; };
		EFD56E7925B6DFF7009F1A61 /* Info.plist */ = {isa = PBXFileReference; lastKnownFileType = text.plist.xml; path = Info.plist; sourceTree = "<group>"; };
		EFD56E7E25B6DFF8009F1A61 /* EventBusTests.xctest */ = {isa = PBXFileReference; explicitFileType = wrapper.cfbundle; includeInIndex = 0; path = EventBusTests.xctest; sourceTree = BUILT_PRODUCTS_DIR; };
		EFD56E8225B6DFF8009F1A61 /* EventBusTests.swift */ = {isa = PBXFileReference; lastKnownFileType = sourcecode.swift; path = EventBusTests.swift; sourceTree = "<group>"; };
		EFD56E8425B6DFF8009F1A61 /* Info.plist */ = {isa = PBXFileReference; lastKnownFileType = text.plist.xml; path = Info.plist; sourceTree = "<group>"; };
		EFD56E8925B6DFF8009F1A61 /* EventBusUITests.xctest */ = {isa = PBXFileReference; explicitFileType = wrapper.cfbundle; includeInIndex = 0; path = EventBusUITests.xctest; sourceTree = BUILT_PRODUCTS_DIR; };
		EFD56E8D25B6DFF8009F1A61 /* EventBusUITests.swift */ = {isa = PBXFileReference; lastKnownFileType = sourcecode.swift; path = EventBusUITests.swift; sourceTree = "<group>"; };
		EFD56E8F25B6DFF8009F1A61 /* Info.plist */ = {isa = PBXFileReference; lastKnownFileType = text.plist.xml; path = Info.plist; sourceTree = "<group>"; };
		EFD56EB025B6ED9D009F1A61 /* EventBus.swift */ = {isa = PBXFileReference; lastKnownFileType = sourcecode.swift; path = EventBus.swift; sourceTree = "<group>"; };
		EFD56EB525B6EDC9009F1A61 /* EventEntry.swift */ = {isa = PBXFileReference; lastKnownFileType = sourcecode.swift; path = EventEntry.swift; sourceTree = "<group>"; };
		EFD56EBA25B6EE64009F1A61 /* VideoPlayer.swift */ = {isa = PBXFileReference; lastKnownFileType = sourcecode.swift; path = VideoPlayer.swift; sourceTree = "<group>"; };
		EFD56ECA25B6FCCF009F1A61 /* Player.swift */ = {isa = PBXFileReference; lastKnownFileType = sourcecode.swift; path = Player.swift; sourceTree = "<group>"; };
		EFD56ED225B6FCDC009F1A61 /* PlayerEvents.swift */ = {isa = PBXFileReference; lastKnownFileType = sourcecode.swift; path = PlayerEvents.swift; sourceTree = "<group>"; };
		EFD56ED825B6FD04009F1A61 /* Priority.swift */ = {isa = PBXFileReference; lastKnownFileType = sourcecode.swift; path = Priority.swift; sourceTree = "<group>"; };
		EFD56EE725B6FD47009F1A61 /* VideoPlayerComposer.swift */ = {isa = PBXFileReference; lastKnownFileType = sourcecode.swift; path = VideoPlayerComposer.swift; sourceTree = "<group>"; };
		EFD56EF225B70E11009F1A61 /* EventBusListenerManager.swift */ = {isa = PBXFileReference; lastKnownFileType = sourcecode.swift; path = EventBusListenerManager.swift; sourceTree = "<group>"; };
		EFD56EF725B70E23009F1A61 /* EventBusPublisher.swift */ = {isa = PBXFileReference; lastKnownFileType = sourcecode.swift; path = EventBusPublisher.swift; sourceTree = "<group>"; };
/* End PBXFileReference section */

/* Begin PBXFrameworksBuildPhase section */
		EFD56E6525B6DFF6009F1A61 /* Frameworks */ = {
			isa = PBXFrameworksBuildPhase;
			buildActionMask = 2147483647;
			files = (
			);
			runOnlyForDeploymentPostprocessing = 0;
		};
		EFD56E7B25B6DFF8009F1A61 /* Frameworks */ = {
			isa = PBXFrameworksBuildPhase;
			buildActionMask = 2147483647;
			files = (
			);
			runOnlyForDeploymentPostprocessing = 0;
		};
		EFD56E8625B6DFF8009F1A61 /* Frameworks */ = {
			isa = PBXFrameworksBuildPhase;
			buildActionMask = 2147483647;
			files = (
			);
			runOnlyForDeploymentPostprocessing = 0;
		};
/* End PBXFrameworksBuildPhase section */

/* Begin PBXGroup section */
		EFD56E5F25B6DFF6009F1A61 = {
			isa = PBXGroup;
			children = (
				EFD56E6A25B6DFF6009F1A61 /* EventBus */,
				EFD56E8125B6DFF8009F1A61 /* EventBusTests */,
				EFD56E8C25B6DFF8009F1A61 /* EventBusUITests */,
				EFD56E6925B6DFF6009F1A61 /* Products */,
			);
			sourceTree = "<group>";
		};
		EFD56E6925B6DFF6009F1A61 /* Products */ = {
			isa = PBXGroup;
			children = (
				EFD56E6825B6DFF6009F1A61 /* EventBus.app */,
				EFD56E7E25B6DFF8009F1A61 /* EventBusTests.xctest */,
				EFD56E8925B6DFF8009F1A61 /* EventBusUITests.xctest */,
			);
			name = Products;
			sourceTree = "<group>";
		};
		EFD56E6A25B6DFF6009F1A61 /* EventBus */ = {
			isa = PBXGroup;
			children = (
				EFD56EE325B6FD2C009F1A61 /* Player */,
				EFD56ED725B6FCF3009F1A61 /* EventBus */,
				EFD56EC925B6FCC1009F1A61 /* Domain */,
				EFD56E6B25B6DFF6009F1A61 /* AppDelegate.swift */,
				EFD56E6D25B6DFF6009F1A61 /* SceneDelegate.swift */,
				EFD56E7125B6DFF6009F1A61 /* Main.storyboard */,
				EFD56E7425B6DFF7009F1A61 /* Assets.xcassets */,
				EFD56E7625B6DFF7009F1A61 /* LaunchScreen.storyboard */,
				EFD56E7925B6DFF7009F1A61 /* Info.plist */,
				EFD56EE725B6FD47009F1A61 /* VideoPlayerComposer.swift */,
			);
			path = EventBus;
			sourceTree = "<group>";
		};
		EFD56E8125B6DFF8009F1A61 /* EventBusTests */ = {
			isa = PBXGroup;
			children = (
				EFD56E8225B6DFF8009F1A61 /* EventBusTests.swift */,
				EFD56E8425B6DFF8009F1A61 /* Info.plist */,
			);
			path = EventBusTests;
			sourceTree = "<group>";
		};
		EFD56E8C25B6DFF8009F1A61 /* EventBusUITests */ = {
			isa = PBXGroup;
			children = (
				EFD56E8D25B6DFF8009F1A61 /* EventBusUITests.swift */,
				EFD56E8F25B6DFF8009F1A61 /* Info.plist */,
			);
			path = EventBusUITests;
			sourceTree = "<group>";
		};
		EFD56EC925B6FCC1009F1A61 /* Domain */ = {
			isa = PBXGroup;
			children = (
				EFD56ECA25B6FCCF009F1A61 /* Player.swift */,
				EFD56ED225B6FCDC009F1A61 /* PlayerEvents.swift */,
			);
			path = Domain;
			sourceTree = "<group>";
		};
		EFD56ED725B6FCF3009F1A61 /* EventBus */ = {
			isa = PBXGroup;
			children = (
				EFD56EB525B6EDC9009F1A61 /* EventEntry.swift */,
				EFD56EB025B6ED9D009F1A61 /* EventBus.swift */,
				EFD56ED825B6FD04009F1A61 /* Priority.swift */,
				EFD56EF225B70E11009F1A61 /* EventBusListenerManager.swift */,
				EFD56EF725B70E23009F1A61 /* EventBusPublisher.swift */,
			);
			path = EventBus;
			sourceTree = "<group>";
		};
		EFD56EE325B6FD2C009F1A61 /* Player */ = {
			isa = PBXGroup;
			children = (
				EFD56EBA25B6EE64009F1A61 /* VideoPlayer.swift */,
			);
			path = Player;
			sourceTree = "<group>";
		};
/* End PBXGroup section */

/* Begin PBXNativeTarget section */
		EFD56E6725B6DFF6009F1A61 /* EventBus */ = {
			isa = PBXNativeTarget;
			buildConfigurationList = EFD56E9225B6DFF8009F1A61 /* Build configuration list for PBXNativeTarget "EventBus" */;
			buildPhases = (
				EFD56E6425B6DFF6009F1A61 /* Sources */,
				EFD56E6525B6DFF6009F1A61 /* Frameworks */,
				EFD56E6625B6DFF6009F1A61 /* Resources */,
			);
			buildRules = (
			);
			dependencies = (
			);
			name = EventBus;
			productName = EventBus;
			productReference = EFD56E6825B6DFF6009F1A61 /* EventBus.app */;
			productType = "com.apple.product-type.application";
		};
		EFD56E7D25B6DFF8009F1A61 /* EventBusTests */ = {
			isa = PBXNativeTarget;
			buildConfigurationList = EFD56E9525B6DFF8009F1A61 /* Build configuration list for PBXNativeTarget "EventBusTests" */;
			buildPhases = (
				EFD56E7A25B6DFF8009F1A61 /* Sources */,
				EFD56E7B25B6DFF8009F1A61 /* Frameworks */,
				EFD56E7C25B6DFF8009F1A61 /* Resources */,
			);
			buildRules = (
			);
			dependencies = (
				EFD56E8025B6DFF8009F1A61 /* PBXTargetDependency */,
			);
			name = EventBusTests;
			productName = EventBusTests;
			productReference = EFD56E7E25B6DFF8009F1A61 /* EventBusTests.xctest */;
			productType = "com.apple.product-type.bundle.unit-test";
		};
		EFD56E8825B6DFF8009F1A61 /* EventBusUITests */ = {
			isa = PBXNativeTarget;
			buildConfigurationList = EFD56E9825B6DFF8009F1A61 /* Build configuration list for PBXNativeTarget "EventBusUITests" */;
			buildPhases = (
				EFD56E8525B6DFF8009F1A61 /* Sources */,
				EFD56E8625B6DFF8009F1A61 /* Frameworks */,
				EFD56E8725B6DFF8009F1A61 /* Resources */,
			);
			buildRules = (
			);
			dependencies = (
				EFD56E8B25B6DFF8009F1A61 /* PBXTargetDependency */,
			);
			name = EventBusUITests;
			productName = EventBusUITests;
			productReference = EFD56E8925B6DFF8009F1A61 /* EventBusUITests.xctest */;
			productType = "com.apple.product-type.bundle.ui-testing";
		};
/* End PBXNativeTarget section */

/* Begin PBXProject section */
		EFD56E6025B6DFF6009F1A61 /* Project object */ = {
			isa = PBXProject;
			attributes = {
				LastSwiftUpdateCheck = 1230;
				LastUpgradeCheck = 1230;
				TargetAttributes = {
					EFD56E6725B6DFF6009F1A61 = {
						CreatedOnToolsVersion = 12.3;
					};
					EFD56E7D25B6DFF8009F1A61 = {
						CreatedOnToolsVersion = 12.3;
						TestTargetID = EFD56E6725B6DFF6009F1A61;
					};
					EFD56E8825B6DFF8009F1A61 = {
						CreatedOnToolsVersion = 12.3;
						TestTargetID = EFD56E6725B6DFF6009F1A61;
					};
				};
			};
			buildConfigurationList = EFD56E6325B6DFF6009F1A61 /* Build configuration list for PBXProject "EventBus" */;
			compatibilityVersion = "Xcode 9.3";
			developmentRegion = en;
			hasScannedForEncodings = 0;
			knownRegions = (
				en,
				Base,
			);
			mainGroup = EFD56E5F25B6DFF6009F1A61;
			productRefGroup = EFD56E6925B6DFF6009F1A61 /* Products */;
			projectDirPath = "";
			projectRoot = "";
			targets = (
				EFD56E6725B6DFF6009F1A61 /* EventBus */,
				EFD56E7D25B6DFF8009F1A61 /* EventBusTests */,
				EFD56E8825B6DFF8009F1A61 /* EventBusUITests */,
			);
		};
/* End PBXProject section */

/* Begin PBXResourcesBuildPhase section */
		EFD56E6625B6DFF6009F1A61 /* Resources */ = {
			isa = PBXResourcesBuildPhase;
			buildActionMask = 2147483647;
			files = (
				EFD56E7825B6DFF7009F1A61 /* LaunchScreen.storyboard in Resources */,
				EFD56E7525B6DFF7009F1A61 /* Assets.xcassets in Resources */,
				EFD56E7325B6DFF6009F1A61 /* Main.storyboard in Resources */,
			);
			runOnlyForDeploymentPostprocessing = 0;
		};
		EFD56E7C25B6DFF8009F1A61 /* Resources */ = {
			isa = PBXResourcesBuildPhase;
			buildActionMask = 2147483647;
			files = (
			);
			runOnlyForDeploymentPostprocessing = 0;
		};
		EFD56E8725B6DFF8009F1A61 /* Resources */ = {
			isa = PBXResourcesBuildPhase;
			buildActionMask = 2147483647;
			files = (
			);
			runOnlyForDeploymentPostprocessing = 0;
		};
/* End PBXResourcesBuildPhase section */

/* Begin PBXSourcesBuildPhase section */
		EFD56E6425B6DFF6009F1A61 /* Sources */ = {
			isa = PBXSourcesBuildPhase;
			buildActionMask = 2147483647;
			files = (
				EFD56EB125B6ED9D009F1A61 /* EventBus.swift in Sources */,
				EFD56EE825B6FD47009F1A61 /* VideoPlayerComposer.swift in Sources */,
				EFD56E6C25B6DFF6009F1A61 /* AppDelegate.swift in Sources */,
				EFD56E6E25B6DFF6009F1A61 /* SceneDelegate.swift in Sources */,
				EFD56ECB25B6FCCF009F1A61 /* Player.swift in Sources */,
				EFD56EF325B70E11009F1A61 /* EventBusListenerManager.swift in Sources */,
				EFD56EBB25B6EE64009F1A61 /* VideoPlayer.swift in Sources */,
				EFD56EF825B70E23009F1A61 /* EventBusPublisher.swift in Sources */,
				EFD56EB625B6EDC9009F1A61 /* EventEntry.swift in Sources */,
				EFD56ED325B6FCDC009F1A61 /* PlayerEvents.swift in Sources */,
				EFD56ED925B6FD04009F1A61 /* Priority.swift in Sources */,
			);
			runOnlyForDeploymentPostprocessing = 0;
		};
		EFD56E7A25B6DFF8009F1A61 /* Sources */ = {
			isa = PBXSourcesBuildPhase;
			buildActionMask = 2147483647;
			files = (
				EFD56E8325B6DFF8009F1A61 /* EventBusTests.swift in Sources */,
			);
			runOnlyForDeploymentPostprocessing = 0;
		};
		EFD56E8525B6DFF8009F1A61 /* Sources */ = {
			isa = PBXSourcesBuildPhase;
			buildActionMask = 2147483647;
			files = (
				EFD56E8E25B6DFF8009F1A61 /* EventBusUITests.swift in Sources */,
			);
			runOnlyForDeploymentPostprocessing = 0;
		};
/* End PBXSourcesBuildPhase section */

/* Begin PBXTargetDependency section */
		EFD56E8025B6DFF8009F1A61 /* PBXTargetDependency */ = {
			isa = PBXTargetDependency;
			target = EFD56E6725B6DFF6009F1A61 /* EventBus */;
			targetProxy = EFD56E7F25B6DFF8009F1A61 /* PBXContainerItemProxy */;
		};
		EFD56E8B25B6DFF8009F1A61 /* PBXTargetDependency */ = {
			isa = PBXTargetDependency;
			target = EFD56E6725B6DFF6009F1A61 /* EventBus */;
			targetProxy = EFD56E8A25B6DFF8009F1A61 /* PBXContainerItemProxy */;
		};
/* End PBXTargetDependency section */

/* Begin PBXVariantGroup section */
		EFD56E7125B6DFF6009F1A61 /* Main.storyboard */ = {
			isa = PBXVariantGroup;
			children = (
				EFD56E7225B6DFF6009F1A61 /* Base */,
			);
			name = Main.storyboard;
			sourceTree = "<group>";
		};
		EFD56E7625B6DFF7009F1A61 /* LaunchScreen.storyboard */ = {
			isa = PBXVariantGroup;
			children = (
				EFD56E7725B6DFF7009F1A61 /* Base */,
			);
			name = LaunchScreen.storyboard;
			sourceTree = "<group>";
		};
/* End PBXVariantGroup section */

/* Begin XCBuildConfiguration section */
		EFD56E9025B6DFF8009F1A61 /* Debug */ = {
			isa = XCBuildConfiguration;
			buildSettings = {
				ALWAYS_SEARCH_USER_PATHS = NO;
				CLANG_ANALYZER_NONNULL = YES;
				CLANG_ANALYZER_NUMBER_OBJECT_CONVERSION = YES_AGGRESSIVE;
				CLANG_CXX_LANGUAGE_STANDARD = "gnu++14";
				CLANG_CXX_LIBRARY = "libc++";
				CLANG_ENABLE_MODULES = YES;
				CLANG_ENABLE_OBJC_ARC = YES;
				CLANG_ENABLE_OBJC_WEAK = YES;
				CLANG_WARN_BLOCK_CAPTURE_AUTORELEASING = YES;
				CLANG_WARN_BOOL_CONVERSION = YES;
				CLANG_WARN_COMMA = YES;
				CLANG_WARN_CONSTANT_CONVERSION = YES;
				CLANG_WARN_DEPRECATED_OBJC_IMPLEMENTATIONS = YES;
				CLANG_WARN_DIRECT_OBJC_ISA_USAGE = YES_ERROR;
				CLANG_WARN_DOCUMENTATION_COMMENTS = YES;
				CLANG_WARN_EMPTY_BODY = YES;
				CLANG_WARN_ENUM_CONVERSION = YES;
				CLANG_WARN_INFINITE_RECURSION = YES;
				CLANG_WARN_INT_CONVERSION = YES;
				CLANG_WARN_NON_LITERAL_NULL_CONVERSION = YES;
				CLANG_WARN_OBJC_IMPLICIT_RETAIN_SELF = YES;
				CLANG_WARN_OBJC_LITERAL_CONVERSION = YES;
				CLANG_WARN_OBJC_ROOT_CLASS = YES_ERROR;
				CLANG_WARN_QUOTED_INCLUDE_IN_FRAMEWORK_HEADER = YES;
				CLANG_WARN_RANGE_LOOP_ANALYSIS = YES;
				CLANG_WARN_STRICT_PROTOTYPES = YES;
				CLANG_WARN_SUSPICIOUS_MOVE = YES;
				CLANG_WARN_UNGUARDED_AVAILABILITY = YES_AGGRESSIVE;
				CLANG_WARN_UNREACHABLE_CODE = YES;
				CLANG_WARN__DUPLICATE_METHOD_MATCH = YES;
				COPY_PHASE_STRIP = NO;
				DEBUG_INFORMATION_FORMAT = dwarf;
				ENABLE_STRICT_OBJC_MSGSEND = YES;
				ENABLE_TESTABILITY = YES;
				GCC_C_LANGUAGE_STANDARD = gnu11;
				GCC_DYNAMIC_NO_PIC = NO;
				GCC_NO_COMMON_BLOCKS = YES;
				GCC_OPTIMIZATION_LEVEL = 0;
				GCC_PREPROCESSOR_DEFINITIONS = (
					"DEBUG=1",
					"$(inherited)",
				);
				GCC_WARN_64_TO_32_BIT_CONVERSION = YES;
				GCC_WARN_ABOUT_RETURN_TYPE = YES_ERROR;
				GCC_WARN_UNDECLARED_SELECTOR = YES;
				GCC_WARN_UNINITIALIZED_AUTOS = YES_AGGRESSIVE;
				GCC_WARN_UNUSED_FUNCTION = YES;
				GCC_WARN_UNUSED_VARIABLE = YES;
				IPHONEOS_DEPLOYMENT_TARGET = 14.3;
				MTL_ENABLE_DEBUG_INFO = INCLUDE_SOURCE;
				MTL_FAST_MATH = YES;
				ONLY_ACTIVE_ARCH = YES;
				SDKROOT = iphoneos;
				SWIFT_ACTIVE_COMPILATION_CONDITIONS = DEBUG;
				SWIFT_OPTIMIZATION_LEVEL = "-Onone";
			};
			name = Debug;
		};
		EFD56E9125B6DFF8009F1A61 /* Release */ = {
			isa = XCBuildConfiguration;
			buildSettings = {
				ALWAYS_SEARCH_USER_PATHS = NO;
				CLANG_ANALYZER_NONNULL = YES;
				CLANG_ANALYZER_NUMBER_OBJECT_CONVERSION = YES_AGGRESSIVE;
				CLANG_CXX_LANGUAGE_STANDARD = "gnu++14";
				CLANG_CXX_LIBRARY = "libc++";
				CLANG_ENABLE_MODULES = YES;
				CLANG_ENABLE_OBJC_ARC = YES;
				CLANG_ENABLE_OBJC_WEAK = YES;
				CLANG_WARN_BLOCK_CAPTURE_AUTORELEASING = YES;
				CLANG_WARN_BOOL_CONVERSION = YES;
				CLANG_WARN_COMMA = YES;
				CLANG_WARN_CONSTANT_CONVERSION = YES;
				CLANG_WARN_DEPRECATED_OBJC_IMPLEMENTATIONS = YES;
				CLANG_WARN_DIRECT_OBJC_ISA_USAGE = YES_ERROR;
				CLANG_WARN_DOCUMENTATION_COMMENTS = YES;
				CLANG_WARN_EMPTY_BODY = YES;
				CLANG_WARN_ENUM_CONVERSION = YES;
				CLANG_WARN_INFINITE_RECURSION = YES;
				CLANG_WARN_INT_CONVERSION = YES;
				CLANG_WARN_NON_LITERAL_NULL_CONVERSION = YES;
				CLANG_WARN_OBJC_IMPLICIT_RETAIN_SELF = YES;
				CLANG_WARN_OBJC_LITERAL_CONVERSION = YES;
				CLANG_WARN_OBJC_ROOT_CLASS = YES_ERROR;
				CLANG_WARN_QUOTED_INCLUDE_IN_FRAMEWORK_HEADER = YES;
				CLANG_WARN_RANGE_LOOP_ANALYSIS = YES;
				CLANG_WARN_STRICT_PROTOTYPES = YES;
				CLANG_WARN_SUSPICIOUS_MOVE = YES;
				CLANG_WARN_UNGUARDED_AVAILABILITY = YES_AGGRESSIVE;
				CLANG_WARN_UNREACHABLE_CODE = YES;
				CLANG_WARN__DUPLICATE_METHOD_MATCH = YES;
				COPY_PHASE_STRIP = NO;
				DEBUG_INFORMATION_FORMAT = "dwarf-with-dsym";
				ENABLE_NS_ASSERTIONS = NO;
				ENABLE_STRICT_OBJC_MSGSEND = YES;
				GCC_C_LANGUAGE_STANDARD = gnu11;
				GCC_NO_COMMON_BLOCKS = YES;
				GCC_WARN_64_TO_32_BIT_CONVERSION = YES;
				GCC_WARN_ABOUT_RETURN_TYPE = YES_ERROR;
				GCC_WARN_UNDECLARED_SELECTOR = YES;
				GCC_WARN_UNINITIALIZED_AUTOS = YES_AGGRESSIVE;
				GCC_WARN_UNUSED_FUNCTION = YES;
				GCC_WARN_UNUSED_VARIABLE = YES;
				IPHONEOS_DEPLOYMENT_TARGET = 14.3;
				MTL_ENABLE_DEBUG_INFO = NO;
				MTL_FAST_MATH = YES;
				SDKROOT = iphoneos;
				SWIFT_COMPILATION_MODE = wholemodule;
				SWIFT_OPTIMIZATION_LEVEL = "-O";
				VALIDATE_PRODUCT = YES;
			};
			name = Release;
		};
		EFD56E9325B6DFF8009F1A61 /* Debug */ = {
			isa = XCBuildConfiguration;
			buildSettings = {
				ASSETCATALOG_COMPILER_APPICON_NAME = AppIcon;
				ASSETCATALOG_COMPILER_GLOBAL_ACCENT_COLOR_NAME = AccentColor;
				CODE_SIGN_STYLE = Automatic;
				DEVELOPMENT_TEAM = DX34ZZXSN8;
				INFOPLIST_FILE = EventBus/Info.plist;
				LD_RUNPATH_SEARCH_PATHS = (
					"$(inherited)",
					"@executable_path/Frameworks",
				);
				PRODUCT_BUNDLE_IDENTIFIER = com.brightSky.EventBus;
				PRODUCT_NAME = "$(TARGET_NAME)";
				SWIFT_VERSION = 5.0;
				TARGETED_DEVICE_FAMILY = "1,2";
			};
			name = Debug;
		};
		EFD56E9425B6DFF8009F1A61 /* Release */ = {
			isa = XCBuildConfiguration;
			buildSettings = {
				ASSETCATALOG_COMPILER_APPICON_NAME = AppIcon;
				ASSETCATALOG_COMPILER_GLOBAL_ACCENT_COLOR_NAME = AccentColor;
				CODE_SIGN_STYLE = Automatic;
				DEVELOPMENT_TEAM = DX34ZZXSN8;
				INFOPLIST_FILE = EventBus/Info.plist;
				LD_RUNPATH_SEARCH_PATHS = (
					"$(inherited)",
					"@executable_path/Frameworks",
				);
				PRODUCT_BUNDLE_IDENTIFIER = com.brightSky.EventBus;
				PRODUCT_NAME = "$(TARGET_NAME)";
				SWIFT_VERSION = 5.0;
				TARGETED_DEVICE_FAMILY = "1,2";
			};
			name = Release;
		};
		EFD56E9625B6DFF8009F1A61 /* Debug */ = {
			isa = XCBuildConfiguration;
			buildSettings = {
				ALWAYS_EMBED_SWIFT_STANDARD_LIBRARIES = YES;
				BUNDLE_LOADER = "$(TEST_HOST)";
				CODE_SIGN_STYLE = Automatic;
				DEVELOPMENT_TEAM = DX34ZZXSN8;
				INFOPLIST_FILE = EventBusTests/Info.plist;
				IPHONEOS_DEPLOYMENT_TARGET = 14.3;
				LD_RUNPATH_SEARCH_PATHS = (
					"$(inherited)",
					"@executable_path/Frameworks",
					"@loader_path/Frameworks",
				);
				PRODUCT_BUNDLE_IDENTIFIER = com.brightSky.EventBusTests;
				PRODUCT_NAME = "$(TARGET_NAME)";
				SWIFT_VERSION = 5.0;
				TARGETED_DEVICE_FAMILY = "1,2";
				TEST_HOST = "$(BUILT_PRODUCTS_DIR)/EventBus.app/EventBus";
			};
			name = Debug;
		};
		EFD56E9725B6DFF8009F1A61 /* Release */ = {
			isa = XCBuildConfiguration;
			buildSettings = {
				ALWAYS_EMBED_SWIFT_STANDARD_LIBRARIES = YES;
				BUNDLE_LOADER = "$(TEST_HOST)";
				CODE_SIGN_STYLE = Automatic;
				DEVELOPMENT_TEAM = DX34ZZXSN8;
				INFOPLIST_FILE = EventBusTests/Info.plist;
				IPHONEOS_DEPLOYMENT_TARGET = 14.3;
				LD_RUNPATH_SEARCH_PATHS = (
					"$(inherited)",
					"@executable_path/Frameworks",
					"@loader_path/Frameworks",
				);
				PRODUCT_BUNDLE_IDENTIFIER = com.brightSky.EventBusTests;
				PRODUCT_NAME = "$(TARGET_NAME)";
				SWIFT_VERSION = 5.0;
				TARGETED_DEVICE_FAMILY = "1,2";
				TEST_HOST = "$(BUILT_PRODUCTS_DIR)/EventBus.app/EventBus";
			};
			name = Release;
		};
		EFD56E9925B6DFF8009F1A61 /* Debug */ = {
			isa = XCBuildConfiguration;
			buildSettings = {
				ALWAYS_EMBED_SWIFT_STANDARD_LIBRARIES = YES;
				CODE_SIGN_STYLE = Automatic;
				DEVELOPMENT_TEAM = DX34ZZXSN8;
				INFOPLIST_FILE = EventBusUITests/Info.plist;
				LD_RUNPATH_SEARCH_PATHS = (
					"$(inherited)",
					"@executable_path/Frameworks",
					"@loader_path/Frameworks",
				);
				PRODUCT_BUNDLE_IDENTIFIER = com.brightSky.EventBusUITests;
				PRODUCT_NAME = "$(TARGET_NAME)";
				SWIFT_VERSION = 5.0;
				TARGETED_DEVICE_FAMILY = "1,2";
				TEST_TARGET_NAME = EventBus;
			};
			name = Debug;
		};
		EFD56E9A25B6DFF8009F1A61 /* Release */ = {
			isa = XCBuildConfiguration;
			buildSettings = {
				ALWAYS_EMBED_SWIFT_STANDARD_LIBRARIES = YES;
				CODE_SIGN_STYLE = Automatic;
				DEVELOPMENT_TEAM = DX34ZZXSN8;
				INFOPLIST_FILE = EventBusUITests/Info.plist;
				LD_RUNPATH_SEARCH_PATHS = (
					"$(inherited)",
					"@executable_path/Frameworks",
					"@loader_path/Frameworks",
				);
				PRODUCT_BUNDLE_IDENTIFIER = com.brightSky.EventBusUITests;
				PRODUCT_NAME = "$(TARGET_NAME)";
				SWIFT_VERSION = 5.0;
				TARGETED_DEVICE_FAMILY = "1,2";
				TEST_TARGET_NAME = EventBus;
			};
			name = Release;
		};
/* End XCBuildConfiguration section */

/* Begin XCConfigurationList section */
		EFD56E6325B6DFF6009F1A61 /* Build configuration list for PBXProject "EventBus" */ = {
			isa = XCConfigurationList;
			buildConfigurations = (
				EFD56E9025B6DFF8009F1A61 /* Debug */,
				EFD56E9125B6DFF8009F1A61 /* Release */,
			);
			defaultConfigurationIsVisible = 0;
			defaultConfigurationName = Release;
		};
		EFD56E9225B6DFF8009F1A61 /* Build configuration list for PBXNativeTarget "EventBus" */ = {
			isa = XCConfigurationList;
			buildConfigurations = (
				EFD56E9325B6DFF8009F1A61 /* Debug */,
				EFD56E9425B6DFF8009F1A61 /* Release */,
			);
			defaultConfigurationIsVisible = 0;
			defaultConfigurationName = Release;
		};
		EFD56E9525B6DFF8009F1A61 /* Build configuration list for PBXNativeTarget "EventBusTests" */ = {
			isa = XCConfigurationList;
			buildConfigurations = (
				EFD56E9625B6DFF8009F1A61 /* Debug */,
				EFD56E9725B6DFF8009F1A61 /* Release */,
			);
			defaultConfigurationIsVisible = 0;
			defaultConfigurationName = Release;
		};
		EFD56E9825B6DFF8009F1A61 /* Build configuration list for PBXNativeTarget "EventBusUITests" */ = {
			isa = XCConfigurationList;
			buildConfigurations = (
				EFD56E9925B6DFF8009F1A61 /* Debug */,
				EFD56E9A25B6DFF8009F1A61 /* Release */,
			);
			defaultConfigurationIsVisible = 0;
			defaultConfigurationName = Release;
		};
/* End XCConfigurationList section */
	};
	rootObject = EFD56E6025B6DFF6009F1A61 /* Project object */;
}
